
Microsoft Visual Studio Solution File, Format Version 12.00
# Visual Studio Version 17
VisualStudioVersion = 17.0.32112.339
MinimumVisualStudioVersion = 10.0.40219.1
Project("{2150E333-8FDC-42A3-9474-1A3956D46DE8}") = "Solution Items", "Solution Items", "{719C113A-6804-4150-8473-BF889F06DFD6}"
	ProjectSection(SolutionItems) = preProject
		.editorconfig = .editorconfig
		global.json = global.json
		NuGet.config = NuGet.config
		.github\workflows\publish-beta.yml = .github\workflows\publish-beta.yml
		.github\workflows\publish.yml = .github\workflows\publish.yml
		Readme.MD = Readme.MD
	EndProjectSection
EndProject
Project("{9A19103F-16F7-4668-BE54-9A1E7A4F7556}") = "Pek.Sms", "Pek.Sms\Pek.Sms.csproj", "{2B4793CE-80F1-4D8C-8287-ECE1E031CE41}"
EndProject
Project("{FAE04EC0-301F-11D3-BF4B-00C04F79EFBC}") = "Pek.Sms.Extensions", "Pek.Sms.Extensions\Pek.Sms.Extensions.csproj", "{37DAC8E1-F5CF-4780-903A-7A9CB877F89C}"
EndProject
Project("{2150E333-8FDC-42A3-9474-1A3956D46DE8}") = "tests", "tests", "{58ABA27E-E33C-4A52-967C-E1C711B3C8A0}"
EndProject
Project("{FAE04EC0-301F-11D3-BF4B-00C04F79EFBC}") = "Pek.Sms.Aliyun", "Pek.Sms.Aliyun\Pek.Sms.Aliyun.csproj", "{18BD7DA3-23F6-496F-BEE4-8A59EA83A553}"
EndProject
Project("{FAE04EC0-301F-11D3-BF4B-00C04F79EFBC}") = "Pek.Sms.Aliyun.Tests", "Tests\Pek.Sms.Aliyun.Tests\Pek.Sms.Aliyun.Tests.csproj", "{4F549D58-D5EF-4B37-A12B-6E62D0E624E7}"
EndProject
Project("{FAE04EC0-301F-11D3-BF4B-00C04F79EFBC}") = "Pek.Sms.TencentCloud", "Pek.Sms.TencentCloud\Pek.Sms.TencentCloud.csproj", "{E8935235-A907-4E88-A7B1-40C8ACE2AEDE}"
EndProject
Project("{FAE04EC0-301F-11D3-BF4B-00C04F79EFBC}") = "Pek.Sms.TencentCloud.Tests", "Tests\Pek.Sms.TencentCloud.Tests\Pek.Sms.TencentCloud.Tests.csproj", "{8E949DE6-B966-42CE-BE63-3818066568BB}"
EndProject
Project("{FAE04EC0-301F-11D3-BF4B-00C04F79EFBC}") = "Pek.Sms.FengHuo", "Pek.Sms.FengHuo\Pek.Sms.FengHuo.csproj", "{1F8E950A-C7B5-41F9-B8FB-B2D93DFC7F85}"
EndProject
Project("{FAE04EC0-301F-11D3-BF4B-00C04F79EFBC}") = "Pek.Sms.FengHuo.Tests", "Tests\Pek.Sms.FengHuo.Tests\Pek.Sms.FengHuo.Tests.csproj", "{10D8617F-F7D1-4050-B835-7043DE6338BC}"
EndProject
Global
	GlobalSection(SolutionConfigurationPlatforms) = preSolution
		Debug|Any CPU = Debug|Any CPU
		Release|Any CPU = Release|Any CPU
	EndGlobalSection
	GlobalSection(ProjectConfigurationPlatforms) = postSolution
		{2B4793CE-80F1-4D8C-8287-ECE1E031CE41}.Debug|Any CPU.ActiveCfg = Debug|Any CPU
		{2B4793CE-80F1-4D8C-8287-ECE1E031CE41}.Debug|Any CPU.Build.0 = Debug|Any CPU
		{2B4793CE-80F1-4D8C-8287-ECE1E031CE41}.Release|Any CPU.ActiveCfg = Release|Any CPU
		{2B4793CE-80F1-4D8C-8287-ECE1E031CE41}.Release|Any CPU.Build.0 = Release|Any CPU
		{37DAC8E1-F5CF-4780-903A-7A9CB877F89C}.Debug|Any CPU.ActiveCfg = Debug|Any CPU
		{37DAC8E1-F5CF-4780-903A-7A9CB877F89C}.Debug|Any CPU.Build.0 = Debug|Any CPU
		{37DAC8E1-F5CF-4780-903A-7A9CB877F89C}.Release|Any CPU.ActiveCfg = Release|Any CPU
		{37DAC8E1-F5CF-4780-903A-7A9CB877F89C}.Release|Any CPU.Build.0 = Release|Any CPU
		{18BD7DA3-23F6-496F-BEE4-8A59EA83A553}.Debug|Any CPU.ActiveCfg = Debug|Any CPU
		{18BD7DA3-23F6-496F-BEE4-8A59EA83A553}.Debug|Any CPU.Build.0 = Debug|Any CPU
		{18BD7DA3-23F6-496F-BEE4-8A59EA83A553}.Release|Any CPU.ActiveCfg = Release|Any CPU
		{18BD7DA3-23F6-496F-BEE4-8A59EA83A553}.Release|Any CPU.Build.0 = Release|Any CPU
		{4F549D58-D5EF-4B37-A12B-6E62D0E624E7}.Debug|Any CPU.ActiveCfg = Debug|Any CPU
		{4F549D58-D5EF-4B37-A12B-6E62D0E624E7}.Debug|Any CPU.Build.0 = Debug|Any CPU
		{4F549D58-D5EF-4B37-A12B-6E62D0E624E7}.Release|Any CPU.ActiveCfg = Release|Any CPU
		{4F549D58-D5EF-4B37-A12B-6E62D0E624E7}.Release|Any CPU.Build.0 = Release|Any CPU
		{E8935235-A907-4E88-A7B1-40C8ACE2AEDE}.Debug|Any CPU.ActiveCfg = Debug|Any CPU
		{E8935235-A907-4E88-A7B1-40C8ACE2AEDE}.Debug|Any CPU.Build.0 = Debug|Any CPU
		{E8935235-A907-4E88-A7B1-40C8ACE2AEDE}.Release|Any CPU.ActiveCfg = Release|Any CPU
		{E8935235-A907-4E88-A7B1-40C8ACE2AEDE}.Release|Any CPU.Build.0 = Release|Any CPU
		{8E949DE6-B966-42CE-BE63-3818066568BB}.Debug|Any CPU.ActiveCfg = Debug|Any CPU
		{8E949DE6-B966-42CE-BE63-3818066568BB}.Debug|Any CPU.Build.0 = Debug|Any CPU
		{8E949DE6-B966-42CE-BE63-3818066568BB}.Release|Any CPU.ActiveCfg = Release|Any CPU
		{8E949DE6-B966-42CE-BE63-3818066568BB}.Release|Any CPU.Build.0 = Release|Any CPU
		{1F8E950A-C7B5-41F9-B8FB-B2D93DFC7F85}.Debug|Any CPU.ActiveCfg = Debug|Any CPU
		{1F8E950A-C7B5-41F9-B8FB-B2D93DFC7F85}.Debug|Any CPU.Build.0 = Debug|Any CPU
		{1F8E950A-C7B5-41F9-B8FB-B2D93DFC7F85}.Release|Any CPU.ActiveCfg = Release|Any CPU
		{1F8E950A-C7B5-41F9-B8FB-B2D93DFC7F85}.Release|Any CPU.Build.0 = Release|Any CPU
		{10D8617F-F7D1-4050-B835-7043DE6338BC}.Debug|Any CPU.ActiveCfg = Debug|Any CPU
		{10D8617F-F7D1-4050-B835-7043DE6338BC}.Debug|Any CPU.Build.0 = Debug|Any CPU
		{10D8617F-F7D1-4050-B835-7043DE6338BC}.Release|Any CPU.ActiveCfg = Release|Any CPU
		{10D8617F-F7D1-4050-B835-7043DE6338BC}.Release|Any CPU.Build.0 = Release|Any CPU
	EndGlobalSection
	GlobalSection(SolutionProperties) = preSolution
		HideSolutionNode = FALSE
	EndGlobalSection
	GlobalSection(NestedProjects) = preSolution
		{4F549D58-D5EF-4B37-A12B-6E62D0E624E7} = {58ABA27E-E33C-4A52-967C-E1C711B3C8A0}
		{8E949DE6-B966-42CE-BE63-3818066568BB} = {58ABA27E-E33C-4A52-967C-E1C711B3C8A0}
		{10D8617F-F7D1-4050-B835-7043DE6338BC} = {58ABA27E-E33C-4A52-967C-E1C711B3C8A0}
	EndGlobalSection
	GlobalSection(ExtensibilityGlobals) = postSolution
		SolutionGuid = {323831A1-A95B-40AB-B9AD-36A0BC10C2CB}
	EndGlobalSection
EndGlobal
